
Microsoft Visual Studio Solution File, Format Version 12.00
# Visual Studio Version 16
VisualStudioVersion = 16.0.31005.135
MinimumVisualStudioVersion = 10.0.40219.1
Project("{9A19103F-16F7-4668-BE54-9A1E7A4F7556}") = "Minesweeper", "Minesweeper\Minesweeper.csproj", "{5A3915A1-386C-40BE-A0C6-69FBD605EEDF}"
EndProject
Global
	GlobalSection(SolutionConfigurationPlatforms) = preSolution
		Debug|Any CPU = Debug|Any CPU
		Release|Any CPU = Release|Any CPU
	EndGlobalSection
	GlobalSection(ProjectConfigurationPlatforms) = postSolution
		{5A3915A1-386C-40BE-A0C6-69FBD605EEDF}.Debug|Any CPU.ActiveCfg = Debug|Any CPU
		{5A3915A1-386C-40BE-A0C6-69FBD605EEDF}.Debug|Any CPU.Build.0 = Debug|Any CPU
		{5A3915A1-386C-40BE-A0C6-69FBD605EEDF}.Release|Any CPU.ActiveCfg = Release|Any CPU
		{5A3915A1-386C-40BE-A0C6-69FBD605EEDF}.Release|Any CPU.Build.0 = Release|Any CPU
	EndGlobalSection
	GlobalSection(SolutionProperties) = preSolution
		HideSolutionNode = FALSE
	EndGlobalSection
	GlobalSection(ExtensibilityGlobals) = postSolution
		SolutionGuid = {060FFDAB-0677-4BB0-A66E-FCE529A7FD04}
	EndGlobalSection
EndGlobal
